
Microsoft Visual Studio Solution File, Format Version 12.00
Project("{FAE04EC0-301F-11D3-BF4B-00C04F79EFBC}") = "IssueInProgressDaysLabeler.Model", "src/IssueInProgressDaysLabeler.Model\IssueInProgressDaysLabeler.Model.csproj", "{0A8D3C13-BCA0-45B6-BB21-01AC93C5A4E5}"
EndProject
Project("{2150E333-8FDC-42A3-9474-1A3956D46DE8}") = "src", "src", "{BE9DE9FE-6202-4C4B-AD1E-8D290C54C2D1}"
EndProject
Global
	GlobalSection(SolutionConfigurationPlatforms) = preSolution
		Debug|Any CPU = Debug|Any CPU
		Release|Any CPU = Release|Any CPU
	EndGlobalSection
	GlobalSection(ProjectConfigurationPlatforms) = postSolution
		{0A8D3C13-BCA0-45B6-BB21-01AC93C5A4E5}.Debug|Any CPU.ActiveCfg = Debug|Any CPU
		{0A8D3C13-BCA0-45B6-BB21-01AC93C5A4E5}.Debug|Any CPU.Build.0 = Debug|Any CPU
		{0A8D3C13-BCA0-45B6-BB21-01AC93C5A4E5}.Release|Any CPU.ActiveCfg = Release|Any CPU
		{0A8D3C13-BCA0-45B6-BB21-01AC93C5A4E5}.Release|Any CPU.Build.0 = Release|Any CPU
	EndGlobalSection
	GlobalSection(NestedProjects) = preSolution
		{0A8D3C13-BCA0-45B6-BB21-01AC93C5A4E5} = {BE9DE9FE-6202-4C4B-AD1E-8D290C54C2D1}
	EndGlobalSection
EndGlobal
